// !$*UTF8*$!
{
	archiveVersion = 1;
	classes = {
	};
	objectVersion = 56;
	objects = {

/* Begin PBXBuildFile section */
		8CAEB9BD2AB64D1B004BCEEF /* tutorApp.swift in Sources */ = {isa = PBXBuildFile; fileRef = 8CAEB9BC2AB64D1B004BCEEF /* tutorApp.swift */; };
		8CAEB9BF2AB64D1B004BCEEF /* ContentView.swift in Sources */ = {isa = PBXBuildFile; fileRef = 8CAEB9BE2AB64D1B004BCEEF /* ContentView.swift */; };
		8CAEB9C12AB64D1C004BCEEF /* Assets.xcassets in Resources */ = {isa = PBXBuildFile; fileRef = 8CAEB9C02AB64D1C004BCEEF /* Assets.xcassets */; };
		8CAEB9C42AB64D1C004BCEEF /* Preview Assets.xcassets in Resources */ = {isa = PBXBuildFile; fileRef = 8CAEB9C32AB64D1C004BCEEF /* Preview Assets.xcassets */; };
		8CAEB9CE2AB64D1C004BCEEF /* tutorTests.swift in Sources */ = {isa = PBXBuildFile; fileRef = 8CAEB9CD2AB64D1C004BCEEF /* tutorTests.swift */; };
		8CAEB9D82AB64D1C004BCEEF /* tutorUITests.swift in Sources */ = {isa = PBXBuildFile; fileRef = 8CAEB9D72AB64D1C004BCEEF /* tutorUITests.swift */; };
		8CAEB9DA2AB64D1C004BCEEF /* tutorUITestsLaunchTests.swift in Sources */ = {isa = PBXBuildFile; fileRef = 8CAEB9D92AB64D1C004BCEEF /* tutorUITestsLaunchTests.swift */; };
/* End PBXBuildFile section */

/* Begin PBXContainerItemProxy section */
		8CAEB9CA2AB64D1C004BCEEF /* PBXContainerItemProxy */ = {
			isa = PBXContainerItemProxy;
			containerPortal = 8CAEB9B12AB64D1B004BCEEF /* Project object */;
			proxyType = 1;
			remoteGlobalIDString = 8CAEB9B82AB64D1B004BCEEF;
			remoteInfo = tutor;
		};
		8CAEB9D42AB64D1C004BCEEF /* PBXContainerItemProxy */ = {
			isa = PBXContainerItemProxy;
			containerPortal = 8CAEB9B12AB64D1B004BCEEF /* Project object */;
			proxyType = 1;
			remoteGlobalIDString = 8CAEB9B82AB64D1B004BCEEF;
			remoteInfo = tutor;
		};
/* End PBXContainerItemProxy section */

/* Begin PBXFileReference section */
		8CAEB9B92AB64D1B004BCEEF /* tutor.app */ = {isa = PBXFileReference; explicitFileType = wrapper.application; includeInIndex = 0; path = tutor.app; sourceTree = BUILT_PRODUCTS_DIR; };
		8CAEB9BC2AB64D1B004BCEEF /* tutorApp.swift */ = {isa = PBXFileReference; lastKnownFileType = sourcecode.swift; path = tutorApp.swift; sourceTree = "<group>"; };
		8CAEB9BE2AB64D1B004BCEEF /* ContentView.swift */ = {isa = PBXFileReference; lastKnownFileType = sourcecode.swift; path = ContentView.swift; sourceTree = "<group>"; };
		8CAEB9C02AB64D1C004BCEEF /* Assets.xcassets */ = {isa = PBXFileReference; lastKnownFileType = folder.assetcatalog; path = Assets.xcassets; sourceTree = "<group>"; };
		8CAEB9C32AB64D1C004BCEEF /* Preview Assets.xcassets */ = {isa = PBXFileReference; lastKnownFileType = folder.assetcatalog; path = "Preview Assets.xcassets"; sourceTree = "<group>"; };
		8CAEB9C92AB64D1C004BCEEF /* tutorTests.xctest */ = {isa = PBXFileReference; explicitFileType = wrapper.cfbundle; includeInIndex = 0; path = tutorTests.xctest; sourceTree = BUILT_PRODUCTS_DIR; };
		8CAEB9CD2AB64D1C004BCEEF /* tutorTests.swift */ = {isa = PBXFileReference; lastKnownFileType = sourcecode.swift; path = tutorTests.swift; sourceTree = "<group>"; };
		8CAEB9D32AB64D1C004BCEEF /* tutorUITests.xctest */ = {isa = PBXFileReference; explicitFileType = wrapper.cfbundle; includeInIndex = 0; path = tutorUITests.xctest; sourceTree = BUILT_PRODUCTS_DIR; };
		8CAEB9D72AB64D1C004BCEEF /* tutorUITests.swift */ = {isa = PBXFileReference; lastKnownFileType = sourcecode.swift; path = tutorUITests.swift; sourceTree = "<group>"; };
		8CAEB9D92AB64D1C004BCEEF /* tutorUITestsLaunchTests.swift */ = {isa = PBXFileReference; lastKnownFileType = sourcecode.swift; path = tutorUITestsLaunchTests.swift; sourceTree = "<group>"; };
/* End PBXFileReference section */

/* Begin PBXFrameworksBuildPhase section */
		8CAEB9B62AB64D1B004BCEEF /* Frameworks */ = {
			isa = PBXFrameworksBuildPhase;
			buildActionMask = 2147483647;
			files = (
			);
			runOnlyForDeploymentPostprocessing = 0;
		};
		8CAEB9C62AB64D1C004BCEEF /* Frameworks */ = {
			isa = PBXFrameworksBuildPhase;
			buildActionMask = 2147483647;
			files = (
			);
			runOnlyForDeploymentPostprocessing = 0;
		};
		8CAEB9D02AB64D1C004BCEEF /* Frameworks */ = {
			isa = PBXFrameworksBuildPhase;
			buildActionMask = 2147483647;
			files = (
			);
			runOnlyForDeploymentPostprocessing = 0;
		};
/* End PBXFrameworksBuildPhase section */

/* Begin PBXGroup section */
		8CAEB9B02AB64D1B004BCEEF = {
			isa = PBXGroup;
			children = (
				8CAEB9BB2AB64D1B004BCEEF /* tutor */,
				8CAEB9CC2AB64D1C004BCEEF /* tutorTests */,
				8CAEB9D62AB64D1C004BCEEF /* tutorUITests */,
				8CAEB9BA2AB64D1B004BCEEF /* Products */,
			);
			sourceTree = "<group>";
		};
		8CAEB9BA2AB64D1B004BCEEF /* Products */ = {
			isa = PBXGroup;
			children = (
				8CAEB9B92AB64D1B004BCEEF /* tutor.app */,
				8CAEB9C92AB64D1C004BCEEF /* tutorTests.xctest */,
				8CAEB9D32AB64D1C004BCEEF /* tutorUITests.xctest */,
			);
			name = Products;
			sourceTree = "<group>";
		};
		8CAEB9BB2AB64D1B004BCEEF /* tutor */ = {
			isa = PBXGroup;
			children = (
				8CAEB9BC2AB64D1B004BCEEF /* tutorApp.swift */,
				8CAEB9BE2AB64D1B004BCEEF /* ContentView.swift */,
				8CAEB9C02AB64D1C004BCEEF /* Assets.xcassets */,
				8CAEB9C22AB64D1C004BCEEF /* Preview Content */,
			);
			path = tutor;
			sourceTree = "<group>";
		};
		8CAEB9C22AB64D1C004BCEEF /* Preview Content */ = {
			isa = PBXGroup;
			children = (
				8CAEB9C32AB64D1C004BCEEF /* Preview Assets.xcassets */,
			);
			path = "Preview Content";
			sourceTree = "<group>";
		};
		8CAEB9CC2AB64D1C004BCEEF /* tutorTests */ = {
			isa = PBXGroup;
			children = (
				8CAEB9CD2AB64D1C004BCEEF /* tutorTests.swift */,
			);
			path = tutorTests;
			sourceTree = "<group>";
		};
		8CAEB9D62AB64D1C004BCEEF /* tutorUITests */ = {
			isa = PBXGroup;
			children = (
				8CAEB9D72AB64D1C004BCEEF /* tutorUITests.swift */,
				8CAEB9D92AB64D1C004BCEEF /* tutorUITestsLaunchTests.swift */,
			);
			path = tutorUITests;
			sourceTree = "<group>";
		};
/* End PBXGroup section */

/* Begin PBXNativeTarget section */
		8CAEB9B82AB64D1B004BCEEF /* tutor */ = {
			isa = PBXNativeTarget;
			buildConfigurationList = 8CAEB9DD2AB64D1C004BCEEF /* Build configuration list for PBXNativeTarget "tutor" */;
			buildPhases = (
				8CAEB9B52AB64D1B004BCEEF /* Sources */,
				8CAEB9B62AB64D1B004BCEEF /* Frameworks */,
				8CAEB9B72AB64D1B004BCEEF /* Resources */,
			);
			buildRules = (
			);
			dependencies = (
			);
			name = tutor;
			productName = tutor;
			productReference = 8CAEB9B92AB64D1B004BCEEF /* tutor.app */;
			productType = "com.apple.product-type.application";
		};
		8CAEB9C82AB64D1C004BCEEF /* tutorTests */ = {
			isa = PBXNativeTarget;
			buildConfigurationList = 8CAEB9E02AB64D1C004BCEEF /* Build configuration list for PBXNativeTarget "tutorTests" */;
			buildPhases = (
				8CAEB9C52AB64D1C004BCEEF /* Sources */,
				8CAEB9C62AB64D1C004BCEEF /* Frameworks */,
				8CAEB9C72AB64D1C004BCEEF /* Resources */,
			);
			buildRules = (
			);
			dependencies = (
				8CAEB9CB2AB64D1C004BCEEF /* PBXTargetDependency */,
			);
			name = tutorTests;
			productName = tutorTests;
			productReference = 8CAEB9C92AB64D1C004BCEEF /* tutorTests.xctest */;
			productType = "com.apple.product-type.bundle.unit-test";
		};
		8CAEB9D22AB64D1C004BCEEF /* tutorUITests */ = {
			isa = PBXNativeTarget;
			buildConfigurationList = 8CAEB9E32AB64D1C004BCEEF /* Build configuration list for PBXNativeTarget "tutorUITests" */;
			buildPhases = (
				8CAEB9CF2AB64D1C004BCEEF /* Sources */,
				8CAEB9D02AB64D1C004BCEEF /* Frameworks */,
				8CAEB9D12AB64D1C004BCEEF /* Resources */,
			);
			buildRules = (
			);
			dependencies = (
				8CAEB9D52AB64D1C004BCEEF /* PBXTargetDependency */,
			);
			name = tutorUITests;
			productName = tutorUITests;
			productReference = 8CAEB9D32AB64D1C004BCEEF /* tutorUITests.xctest */;
			productType = "com.apple.product-type.bundle.ui-testing";
		};
/* End PBXNativeTarget section */

/* Begin PBXProject section */
		8CAEB9B12AB64D1B004BCEEF /* Project object */ = {
			isa = PBXProject;
			attributes = {
				BuildIndependentTargetsInParallel = 1;
				LastSwiftUpdateCheck = 1430;
				LastUpgradeCheck = 1430;
				TargetAttributes = {
					8CAEB9B82AB64D1B004BCEEF = {
						CreatedOnToolsVersion = 14.3.1;
					};
					8CAEB9C82AB64D1C004BCEEF = {
						CreatedOnToolsVersion = 14.3.1;
						TestTargetID = 8CAEB9B82AB64D1B004BCEEF;
					};
					8CAEB9D22AB64D1C004BCEEF = {
						CreatedOnToolsVersion = 14.3.1;
						TestTargetID = 8CAEB9B82AB64D1B004BCEEF;
					};
				};
			};
			buildConfigurationList = 8CAEB9B42AB64D1B004BCEEF /* Build configuration list for PBXProject "tutor" */;
			compatibilityVersion = "Xcode 14.0";
			developmentRegion = en;
			hasScannedForEncodings = 0;
			knownRegions = (
				en,
				Base,
			);
			mainGroup = 8CAEB9B02AB64D1B004BCEEF;
			productRefGroup = 8CAEB9BA2AB64D1B004BCEEF /* Products */;
			projectDirPath = "";
			projectRoot = "";
			targets = (
				8CAEB9B82AB64D1B004BCEEF /* tutor */,
				8CAEB9C82AB64D1C004BCEEF /* tutorTests */,
				8CAEB9D22AB64D1C004BCEEF /* tutorUITests */,
			);
		};
/* End PBXProject section */

/* Begin PBXResourcesBuildPhase section */
		8CAEB9B72AB64D1B004BCEEF /* Resources */ = {
			isa = PBXResourcesBuildPhase;
			buildActionMask = 2147483647;
			files = (
				8CAEB9C42AB64D1C004BCEEF /* Preview Assets.xcassets in Resources */,
				8CAEB9C12AB64D1C004BCEEF /* Assets.xcassets in Resources */,
			);
			runOnlyForDeploymentPostprocessing = 0;
		};
		8CAEB9C72AB64D1C004BCEEF /* Resources */ = {
			isa = PBXResourcesBuildPhase;
			buildActionMask = 2147483647;
			files = (
			);
			runOnlyForDeploymentPostprocessing = 0;
		};
		8CAEB9D12AB64D1C004BCEEF /* Resources */ = {
			isa = PBXResourcesBuildPhase;
			buildActionMask = 2147483647;
			files = (
			);
			runOnlyForDeploymentPostprocessing = 0;
		};
/* End PBXResourcesBuildPhase section */

/* Begin PBXSourcesBuildPhase section */
		8CAEB9B52AB64D1B004BCEEF /* Sources */ = {
			isa = PBXSourcesBuildPhase;
			buildActionMask = 2147483647;
			files = (
				8CAEB9BF2AB64D1B004BCEEF /* ContentView.swift in Sources */,
				8CAEB9BD2AB64D1B004BCEEF /* tutorApp.swift in Sources */,
			);
			runOnlyForDeploymentPostprocessing = 0;
		};
		8CAEB9C52AB64D1C004BCEEF /* Sources */ = {
			isa = PBXSourcesBuildPhase;
			buildActionMask = 2147483647;
			files = (
				8CAEB9CE2AB64D1C004BCEEF /* tutorTests.swift in Sources */,
			);
			runOnlyForDeploymentPostprocessing = 0;
		};
		8CAEB9CF2AB64D1C004BCEEF /* Sources */ = {
			isa = PBXSourcesBuildPhase;
			buildActionMask = 2147483647;
			files = (
				8CAEB9D82AB64D1C004BCEEF /* tutorUITests.swift in Sources */,
				8CAEB9DA2AB64D1C004BCEEF /* tutorUITestsLaunchTests.swift in Sources */,
			);
			runOnlyForDeploymentPostprocessing = 0;
		};
/* End PBXSourcesBuildPhase section */

/* Begin PBXTargetDependency section */
		8CAEB9CB2AB64D1C004BCEEF /* PBXTargetDependency */ = {
			isa = PBXTargetDependency;
			target = 8CAEB9B82AB64D1B004BCEEF /* tutor */;
			targetProxy = 8CAEB9CA2AB64D1C004BCEEF /* PBXContainerItemProxy */;
		};
		8CAEB9D52AB64D1C004BCEEF /* PBXTargetDependency */ = {
			isa = PBXTargetDependency;
			target = 8CAEB9B82AB64D1B004BCEEF /* tutor */;
			targetProxy = 8CAEB9D42AB64D1C004BCEEF /* PBXContainerItemProxy */;
		};
/* End PBXTargetDependency section */

/* Begin XCBuildConfiguration section */
		8CAEB9DB2AB64D1C004BCEEF /* Debug */ = {
			isa = XCBuildConfiguration;
			buildSettings = {
				ALWAYS_SEARCH_USER_PATHS = NO;
				CLANG_ANALYZER_NONNULL = YES;
				CLANG_ANALYZER_NUMBER_OBJECT_CONVERSION = YES_AGGRESSIVE;
				CLANG_CXX_LANGUAGE_STANDARD = "gnu++20";
				CLANG_ENABLE_MODULES = YES;
				CLANG_ENABLE_OBJC_ARC = YES;
				CLANG_ENABLE_OBJC_WEAK = YES;
				CLANG_WARN_BLOCK_CAPTURE_AUTORELEASING = YES;
				CLANG_WARN_BOOL_CONVERSION = YES;
				CLANG_WARN_COMMA = YES;
				CLANG_WARN_CONSTANT_CONVERSION = YES;
				CLANG_WARN_DEPRECATED_OBJC_IMPLEMENTATIONS = YES;
				CLANG_WARN_DIRECT_OBJC_ISA_USAGE = YES_ERROR;
				CLANG_WARN_DOCUMENTATION_COMMENTS = YES;
				CLANG_WARN_EMPTY_BODY = YES;
				CLANG_WARN_ENUM_CONVERSION = YES;
				CLANG_WARN_INFINITE_RECURSION = YES;
				CLANG_WARN_INT_CONVERSION = YES;
				CLANG_WARN_NON_LITERAL_NULL_CONVERSION = YES;
				CLANG_WARN_OBJC_IMPLICIT_RETAIN_SELF = YES;
				CLANG_WARN_OBJC_LITERAL_CONVERSION = YES;
				CLANG_WARN_OBJC_ROOT_CLASS = YES_ERROR;
				CLANG_WARN_QUOTED_INCLUDE_IN_FRAMEWORK_HEADER = YES;
				CLANG_WARN_RANGE_LOOP_ANALYSIS = YES;
				CLANG_WARN_STRICT_PROTOTYPES = YES;
				CLANG_WARN_SUSPICIOUS_MOVE = YES;
				CLANG_WARN_UNGUARDED_AVAILABILITY = YES_AGGRESSIVE;
				CLANG_WARN_UNREACHABLE_CODE = YES;
				CLANG_WARN__DUPLICATE_METHOD_MATCH = YES;
				COPY_PHASE_STRIP = NO;
				DEBUG_INFORMATION_FORMAT = dwarf;
				ENABLE_STRICT_OBJC_MSGSEND = YES;
				ENABLE_TESTABILITY = YES;
				GCC_C_LANGUAGE_STANDARD = gnu11;
				GCC_DYNAMIC_NO_PIC = NO;
				GCC_NO_COMMON_BLOCKS = YES;
				GCC_OPTIMIZATION_LEVEL = 0;
				GCC_PREPROCESSOR_DEFINITIONS = (
					"DEBUG=1",
					"$(inherited)",
				);
				GCC_WARN_64_TO_32_BIT_CONVERSION = YES;
				GCC_WARN_ABOUT_RETURN_TYPE = YES_ERROR;
				GCC_WARN_UNDECLARED_SELECTOR = YES;
				GCC_WARN_UNINITIALIZED_AUTOS = YES_AGGRESSIVE;
				GCC_WARN_UNUSED_FUNCTION = YES;
				GCC_WARN_UNUSED_VARIABLE = YES;
				IPHONEOS_DEPLOYMENT_TARGET = 16.4;
				MTL_ENABLE_DEBUG_INFO = INCLUDE_SOURCE;
				MTL_FAST_MATH = YES;
				ONLY_ACTIVE_ARCH = YES;
				SDKROOT = iphoneos;
				SWIFT_ACTIVE_COMPILATION_CONDITIONS = DEBUG;
				SWIFT_OPTIMIZATION_LEVEL = "-Onone";
			};
			name = Debug;
		};
		8CAEB9DC2AB64D1C004BCEEF /* Release */ = {
			isa = XCBuildConfiguration;
			buildSettings = {
				ALWAYS_SEARCH_USER_PATHS = NO;
				CLANG_ANALYZER_NONNULL = YES;
				CLANG_ANALYZER_NUMBER_OBJECT_CONVERSION = YES_AGGRESSIVE;
				CLANG_CXX_LANGUAGE_STANDARD = "gnu++20";
				CLANG_ENABLE_MODULES = YES;
				CLANG_ENABLE_OBJC_ARC = YES;
				CLANG_ENABLE_OBJC_WEAK = YES;
				CLANG_WARN_BLOCK_CAPTURE_AUTORELEASING = YES;
				CLANG_WARN_BOOL_CONVERSION = YES;
				CLANG_WARN_COMMA = YES;
				CLANG_WARN_CONSTANT_CONVERSION = YES;
				CLANG_WARN_DEPRECATED_OBJC_IMPLEMENTATIONS = YES;
				CLANG_WARN_DIRECT_OBJC_ISA_USAGE = YES_ERROR;
				CLANG_WARN_DOCUMENTATION_COMMENTS = YES;
				CLANG_WARN_EMPTY_BODY = YES;
				CLANG_WARN_ENUM_CONVERSION = YES;
				CLANG_WARN_INFINITE_RECURSION = YES;
				CLANG_WARN_INT_CONVERSION = YES;
				CLANG_WARN_NON_LITERAL_NULL_CONVERSION = YES;
				CLANG_WARN_OBJC_IMPLICIT_RETAIN_SELF = YES;
				CLANG_WARN_OBJC_LITERAL_CONVERSION = YES;
				CLANG_WARN_OBJC_ROOT_CLASS = YES_ERROR;
				CLANG_WARN_QUOTED_INCLUDE_IN_FRAMEWORK_HEADER = YES;
				CLANG_WARN_RANGE_LOOP_ANALYSIS = YES;
				CLANG_WARN_STRICT_PROTOTYPES = YES;
				CLANG_WARN_SUSPICIOUS_MOVE = YES;
				CLANG_WARN_UNGUARDED_AVAILABILITY = YES_AGGRESSIVE;
				CLANG_WARN_UNREACHABLE_CODE = YES;
				CLANG_WARN__DUPLICATE_METHOD_MATCH = YES;
				COPY_PHASE_STRIP = NO;
				DEBUG_INFORMATION_FORMAT = "dwarf-with-dsym";
				ENABLE_NS_ASSERTIONS = NO;
				ENABLE_STRICT_OBJC_MSGSEND = YES;
				GCC_C_LANGUAGE_STANDARD = gnu11;
				GCC_NO_COMMON_BLOCKS = YES;
				GCC_WARN_64_TO_32_BIT_CONVERSION = YES;
				GCC_WARN_ABOUT_RETURN_TYPE = YES_ERROR;
				GCC_WARN_UNDECLARED_SELECTOR = YES;
				GCC_WARN_UNINITIALIZED_AUTOS = YES_AGGRESSIVE;
				GCC_WARN_UNUSED_FUNCTION = YES;
				GCC_WARN_UNUSED_VARIABLE = YES;
				IPHONEOS_DEPLOYMENT_TARGET = 16.4;
				MTL_ENABLE_DEBUG_INFO = NO;
				MTL_FAST_MATH = YES;
				SDKROOT = iphoneos;
				SWIFT_COMPILATION_MODE = wholemodule;
				SWIFT_OPTIMIZATION_LEVEL = "-O";
				VALIDATE_PRODUCT = YES;
			};
			name = Release;
		};
		8CAEB9DE2AB64D1C004BCEEF /* Debug */ = {
			isa = XCBuildConfiguration;
			buildSettings = {
				ASSETCATALOG_COMPILER_APPICON_NAME = AppIcon;
				ASSETCATALOG_COMPILER_GLOBAL_ACCENT_COLOR_NAME = AccentColor;
				CODE_SIGN_STYLE = Automatic;
				CURRENT_PROJECT_VERSION = 1;
				DEVELOPMENT_ASSET_PATHS = "\"tutor/Preview Content\"";
				ENABLE_PREVIEWS = YES;
				GENERATE_INFOPLIST_FILE = YES;
				INFOPLIST_KEY_UIApplicationSceneManifest_Generation = YES;
				INFOPLIST_KEY_UIApplicationSupportsIndirectInputEvents = YES;
				INFOPLIST_KEY_UILaunchScreen_Generation = YES;
				INFOPLIST_KEY_UISupportedInterfaceOrientations_iPad = "UIInterfaceOrientationPortrait UIInterfaceOrientationPortraitUpsideDown UIInterfaceOrientationLandscapeLeft UIInterfaceOrientationLandscapeRight";
				INFOPLIST_KEY_UISupportedInterfaceOrientations_iPhone = "UIInterfaceOrientationPortrait UIInterfaceOrientationLandscapeLeft UIInterfaceOrientationLandscapeRight";
				LD_RUNPATH_SEARCH_PATHS = (
					"$(inherited)",
					"@executable_path/Frameworks",
				);
				MARKETING_VERSION = 1.0;
				PRODUCT_BUNDLE_IDENTIFIER = com.eyupeo.tutor;
				PRODUCT_NAME = "$(TARGET_NAME)";
				SWIFT_EMIT_LOC_STRINGS = YES;
				SWIFT_VERSION = 5.0;
				TARGETED_DEVICE_FAMILY = "1,2";
			};
			name = Debug;
		};
		8CAEB9DF2AB64D1C004BCEEF /* Release */ = {
			isa = XCBuildConfiguration;
			buildSettings = {
				ASSETCATALOG_COMPILER_APPICON_NAME = AppIcon;
				ASSETCATALOG_COMPILER_GLOBAL_ACCENT_COLOR_NAME = AccentColor;
				CODE_SIGN_STYLE = Automatic;
				CURRENT_PROJECT_VERSION = 1;
				DEVELOPMENT_ASSET_PATHS = "\"tutor/Preview Content\"";
				ENABLE_PREVIEWS = YES;
				GENERATE_INFOPLIST_FILE = YES;
				INFOPLIST_KEY_UIApplicationSceneManifest_Generation = YES;
				INFOPLIST_KEY_UIApplicationSupportsIndirectInputEvents = YES;
				INFOPLIST_KEY_UILaunchScreen_Generation = YES;
				INFOPLIST_KEY_UISupportedInterfaceOrientations_iPad = "UIInterfaceOrientationPortrait UIInterfaceOrientationPortraitUpsideDown UIInterfaceOrientationLandscapeLeft UIInterfaceOrientationLandscapeRight";
				INFOPLIST_KEY_UISupportedInterfaceOrientations_iPhone = "UIInterfaceOrientationPortrait UIInterfaceOrientationLandscapeLeft UIInterfaceOrientationLandscapeRight";
				LD_RUNPATH_SEARCH_PATHS = (
					"$(inherited)",
					"@executable_path/Frameworks",
				);
				MARKETING_VERSION = 1.0;
				PRODUCT_BUNDLE_IDENTIFIER = com.eyupeo.tutor;
				PRODUCT_NAME = "$(TARGET_NAME)";
				SWIFT_EMIT_LOC_STRINGS = YES;
				SWIFT_VERSION = 5.0;
				TARGETED_DEVICE_FAMILY = "1,2";
			};
			name = Release;
		};
		8CAEB9E12AB64D1C004BCEEF /* Debug */ = {
			isa = XCBuildConfiguration;
			buildSettings = {
				ALWAYS_EMBED_SWIFT_STANDARD_LIBRARIES = YES;
				BUNDLE_LOADER = "$(TEST_HOST)";
				CODE_SIGN_STYLE = Automatic;
				CURRENT_PROJECT_VERSION = 1;
				GENERATE_INFOPLIST_FILE = YES;
				IPHONEOS_DEPLOYMENT_TARGET = 16.4;
				MARKETING_VERSION = 1.0;
				PRODUCT_BUNDLE_IDENTIFIER = com.eyupeo.tutorTests;
				PRODUCT_NAME = "$(TARGET_NAME)";
				SWIFT_EMIT_LOC_STRINGS = NO;
				SWIFT_VERSION = 5.0;
				TARGETED_DEVICE_FAMILY = "1,2";
				TEST_HOST = "$(BUILT_PRODUCTS_DIR)/tutor.app/$(BUNDLE_EXECUTABLE_FOLDER_PATH)/tutor";
			};
			name = Debug;
		};
		8CAEB9E22AB64D1C004BCEEF /* Release */ = {
			isa = XCBuildConfiguration;
			buildSettings = {
				ALWAYS_EMBED_SWIFT_STANDARD_LIBRARIES = YES;
				BUNDLE_LOADER = "$(TEST_HOST)";
				CODE_SIGN_STYLE = Automatic;
				CURRENT_PROJECT_VERSION = 1;
				GENERATE_INFOPLIST_FILE = YES;
				IPHONEOS_DEPLOYMENT_TARGET = 16.4;
				MARKETING_VERSION = 1.0;
				PRODUCT_BUNDLE_IDENTIFIER = com.eyupeo.tutorTests;
				PRODUCT_NAME = "$(TARGET_NAME)";
				SWIFT_EMIT_LOC_STRINGS = NO;
				SWIFT_VERSION = 5.0;
				TARGETED_DEVICE_FAMILY = "1,2";
				TEST_HOST = "$(BUILT_PRODUCTS_DIR)/tutor.app/$(BUNDLE_EXECUTABLE_FOLDER_PATH)/tutor";
			};
			name = Release;
		};
		8CAEB9E42AB64D1C004BCEEF /* Debug */ = {
			isa = XCBuildConfiguration;
			buildSettings = {
				ALWAYS_EMBED_SWIFT_STANDARD_LIBRARIES = YES;
				CODE_SIGN_STYLE = Automatic;
				CURRENT_PROJECT_VERSION = 1;
				GENERATE_INFOPLIST_FILE = YES;
				MARKETING_VERSION = 1.0;
				PRODUCT_BUNDLE_IDENTIFIER = com.eyupeo.tutorUITests;
				PRODUCT_NAME = "$(TARGET_NAME)";
				SWIFT_EMIT_LOC_STRINGS = NO;
				SWIFT_VERSION = 5.0;
				TARGETED_DEVICE_FAMILY = "1,2";
				TEST_TARGET_NAME = tutor;
			};
			name = Debug;
		};
		8CAEB9E52AB64D1C004BCEEF /* Release */ = {
			isa = XCBuildConfiguration;
			buildSettings = {
				ALWAYS_EMBED_SWIFT_STANDARD_LIBRARIES = YES;
				CODE_SIGN_STYLE = Automatic;
				CURRENT_PROJECT_VERSION = 1;
				GENERATE_INFOPLIST_FILE = YES;
				MARKETING_VERSION = 1.0;
				PRODUCT_BUNDLE_IDENTIFIER = com.eyupeo.tutorUITests;
				PRODUCT_NAME = "$(TARGET_NAME)";
				SWIFT_EMIT_LOC_STRINGS = NO;
				SWIFT_VERSION = 5.0;
				TARGETED_DEVICE_FAMILY = "1,2";
				TEST_TARGET_NAME = tutor;
			};
			name = Release;
		};
/* End XCBuildConfiguration section */

/* Begin XCConfigurationList section */
		8CAEB9B42AB64D1B004BCEEF /* Build configuration list for PBXProject "tutor" */ = {
			isa = XCConfigurationList;
			buildConfigurations = (
				8CAEB9DB2AB64D1C004BCEEF /* Debug */,
				8CAEB9DC2AB64D1C004BCEEF /* Release */,
			);
			defaultConfigurationIsVisible = 0;
			defaultConfigurationName = Release;
		};
		8CAEB9DD2AB64D1C004BCEEF /* Build configuration list for PBXNativeTarget "tutor" */ = {
			isa = XCConfigurationList;
			buildConfigurations = (
				8CAEB9DE2AB64D1C004BCEEF /* Debug */,
				8CAEB9DF2AB64D1C004BCEEF /* Release */,
			);
			defaultConfigurationIsVisible = 0;
			defaultConfigurationName = Release;
		};
		8CAEB9E02AB64D1C004BCEEF /* Build configuration list for PBXNativeTarget "tutorTests" */ = {
			isa = XCConfigurationList;
			buildConfigurations = (
				8CAEB9E12AB64D1C004BCEEF /* Debug */,
				8CAEB9E22AB64D1C004BCEEF /* Release */,
			);
			defaultConfigurationIsVisible = 0;
			defaultConfigurationName = Release;
		};
		8CAEB9E32AB64D1C004BCEEF /* Build configuration list for PBXNativeTarget "tutorUITests" */ = {
			isa = XCConfigurationList;
			buildConfigurations = (
				8CAEB9E42AB64D1C004BCEEF /* Debug */,
				8CAEB9E52AB64D1C004BCEEF /* Release */,
			);
			defaultConfigurationIsVisible = 0;
			defaultConfigurationName = Release;
		};
/* End XCConfigurationList section */
	};
	rootObject = 8CAEB9B12AB64D1B004BCEEF /* Project object */;
}
